# THIS IS AN AUTOGENERATED FILE. DO NOT EDIT THIS FILE DIRECTLY.
# yarn lockfile v1


"@xterm/headless@6.1.0-beta.199":
  version "6.1.0-beta.199"
  resolved "https://registry.yarnpkg.com/@xterm/headless/-/headless-6.1.0-beta.199.tgz#cc5ea68420011dba5decb73dbd04c6a9fdea167a"
  integrity sha512-7p1FEXBXBYeXySmoe7Mpta+XBrFcuBD/j9gNuM5SttWgGAh3InXYZgWbhrNTZE712CglfSOolmd0LzpQUnP5+g==
