# THIS IS AN AUTOGENERATED FILE. DO NOT EDIT THIS FILE DIRECTLY.
# yarn lockfile v1


"@xterm/headless@^6.0.0":
  version "6.0.0"
  resolved "https://registry.yarnpkg.com/@xterm/headless/-/headless-6.0.0.tgz#a839dee397c49834bb220fa5951d60f4b7f0aa11"
  integrity sha512-5Yj1QINYCyzrZtf8OFIHi47iQtI+0qYFPHmouEfG8dHNxbZ9Tb9YGSuLcsEwj9Z+OL75GJqPyJbyoFer80a2Hw==
